
Microsoft Visual Studio Solution File, Format Version 12.00
# Visual Studio Version 16
VisualStudioVersion = 16.0.808.1
MinimumVisualStudioVersion = 10.0.40219.1
Project("{FAE04EC0-301F-11D3-BF4B-00C04F79EFBC}") = "Classes", "Classes.csproj", "{D28C0AC2-F9A4-4F88-92B4-89E64F441E4B}"
EndProject
Global
	GlobalSection(SolutionConfigurationPlatforms) = preSolution
		Debug|Any CPU = Debug|Any CPU
		Release|Any CPU = Release|Any CPU
	EndGlobalSection
	GlobalSection(ProjectConfigurationPlatforms) = postSolution
		{D28C0AC2-F9A4-4F88-92B4-89E64F441E4B}.Debug|Any CPU.ActiveCfg = Debug|Any CPU
		{D28C0AC2-F9A4-4F88-92B4-89E64F441E4B}.Debug|Any CPU.Build.0 = Debug|Any CPU
		{D28C0AC2-F9A4-4F88-92B4-89E64F441E4B}.Release|Any CPU.ActiveCfg = Release|Any CPU
		{D28C0AC2-F9A4-4F88-92B4-89E64F441E4B}.Release|Any CPU.Build.0 = Release|Any CPU
	EndGlobalSection
	GlobalSection(SolutionProperties) = preSolution
		HideSolutionNode = FALSE
	EndGlobalSection
	GlobalSection(ExtensibilityGlobals) = postSolution
		SolutionGuid = {14CFAAB2-F844-4A5C-9EAB-FD4602D7A694}
	EndGlobalSection
EndGlobal
